
Microsoft Visual Studio Solution File, Format Version 12.00
# Visual Studio Version 16
VisualStudioVersion = 16.0.28803.352
MinimumVisualStudioVersion = 10.0.40219.1
Project("{FAE04EC0-301F-11D3-BF4B-00C04F79EFBC}") = "sms.SVC", "sms.SVC\sms.SVC.csproj", "{A2457151-A50C-4D31-8FEF-72FADD3331E7}"
EndProject
Global
	GlobalSection(SolutionConfigurationPlatforms) = preSolution
		Debug|Any CPU = Debug|Any CPU
		Release|Any CPU = Release|Any CPU
	EndGlobalSection
	GlobalSection(ProjectConfigurationPlatforms) = postSolution
		{A2457151-A50C-4D31-8FEF-72FADD3331E7}.Debug|Any CPU.ActiveCfg = Debug|Any CPU
		{A2457151-A50C-4D31-8FEF-72FADD3331E7}.Debug|Any CPU.Build.0 = Debug|Any CPU
		{A2457151-A50C-4D31-8FEF-72FADD3331E7}.Release|Any CPU.ActiveCfg = Release|Any CPU
		{A2457151-A50C-4D31-8FEF-72FADD3331E7}.Release|Any CPU.Build.0 = Release|Any CPU
	EndGlobalSection
	GlobalSection(SolutionProperties) = preSolution
		HideSolutionNode = FALSE
	EndGlobalSection
	GlobalSection(ExtensibilityGlobals) = postSolution
		SolutionGuid = {FB936B16-F771-4D68-AB9A-2EB274BF988C}
	EndGlobalSection
EndGlobal
